// !$*UTF8*$!
{
	archiveVersion = 1;
	classes = {
	};
	objectVersion = 50;
	objects = {

/* Begin PBXBuildFile section */
		D4296F2A25484E6D00FDF4B1 /* RoomEditViewController.swift in Sources */ = {isa = PBXBuildFile; fileRef = D4296F2925484E6D00FDF4B1 /* RoomEditViewController.swift */; };
		D42D4E64256D1E5300BEDE28 /* LectureViewController.swift in Sources */ = {isa = PBXBuildFile; fileRef = D42D4E63256D1E5300BEDE28 /* LectureViewController.swift */; };
		D457848D253821D100A5346C /* Room.swift in Sources */ = {isa = PBXBuildFile; fileRef = D457848C253821D100A5346C /* Room.swift */; };
		D457848F2539912500A5346C /* AttendanceViewController.swift in Sources */ = {isa = PBXBuildFile; fileRef = D457848E2539912500A5346C /* AttendanceViewController.swift */; };
		D4578491253DCFE300A5346C /* RoomCreateViewController.swift in Sources */ = {isa = PBXBuildFile; fileRef = D4578490253DCFE300A5346C /* RoomCreateViewController.swift */; };
		D457849325418FB300A5346C /* AttendanceCell.swift in Sources */ = {isa = PBXBuildFile; fileRef = D457849225418FB300A5346C /* AttendanceCell.swift */; };
		D4583E7F25769AB7006A5D80 /* MyInformationTableViewController.swift in Sources */ = {isa = PBXBuildFile; fileRef = D4583E7E25769AB7006A5D80 /* MyInformationTableViewController.swift */; };
		D4583E812577E7D8006A5D80 /* Auth.storyboard in Resources */ = {isa = PBXBuildFile; fileRef = D4583E802577E7D8006A5D80 /* Auth.storyboard */; };
		D4583E832577E98E006A5D80 /* PassCreateViewController.swift in Sources */ = {isa = PBXBuildFile; fileRef = D4583E822577E98E006A5D80 /* PassCreateViewController.swift */; };
		D4583E85257A87B7006A5D80 /* StudentCheckViewController.swift in Sources */ = {isa = PBXBuildFile; fileRef = D4583E84257A87B6006A5D80 /* StudentCheckViewController.swift */; };
		D4583E87257C0C0C006A5D80 /* Check.swift in Sources */ = {isa = PBXBuildFile; fileRef = D4583E86257C0C0C006A5D80 /* Check.swift */; };
		D467331E2522064B005363EB /* AppDelegate.swift in Sources */ = {isa = PBXBuildFile; fileRef = D467331D2522064B005363EB /* AppDelegate.swift */; };
		D46733202522064B005363EB /* SceneDelegate.swift in Sources */ = {isa = PBXBuildFile; fileRef = D467331F2522064B005363EB /* SceneDelegate.swift */; };
		D46733252522064B005363EB /* Main.storyboard in Resources */ = {isa = PBXBuildFile; fileRef = D46733232522064B005363EB /* Main.storyboard */; };
		D467332725220653005363EB /* Assets.xcassets in Resources */ = {isa = PBXBuildFile; fileRef = D467332625220653005363EB /* Assets.xcassets */; };
		D467332A25220653005363EB /* LaunchScreen.storyboard in Resources */ = {isa = PBXBuildFile; fileRef = D467332825220653005363EB /* LaunchScreen.storyboard */; };
		D46733322522067B005363EB /* User.swift in Sources */ = {isa = PBXBuildFile; fileRef = D46733312522067B005363EB /* User.swift */; };
		D46733362522068F005363EB /* NetworkingService.swift in Sources */ = {isa = PBXBuildFile; fileRef = D46733352522068F005363EB /* NetworkingService.swift */; };
		D467333825220699005363EB /* AlertService.swift in Sources */ = {isa = PBXBuildFile; fileRef = D467333725220699005363EB /* AlertService.swift */; };
		D467333A252206A0005363EB /* LoginViewController.swift in Sources */ = {isa = PBXBuildFile; fileRef = D4673339252206A0005363EB /* LoginViewController.swift */; };
		D467333C252206BA005363EB /* SignUpViewController.swift in Sources */ = {isa = PBXBuildFile; fileRef = D467333B252206BA005363EB /* SignUpViewController.swift */; };
		D467333E252206C5005363EB /* MainViewController.swift in Sources */ = {isa = PBXBuildFile; fileRef = D467333D252206C5005363EB /* MainViewController.swift */; };
		D46733402522074F005363EB /* ErrorResponse.swift in Sources */ = {isa = PBXBuildFile; fileRef = D467333F2522074F005363EB /* ErrorResponse.swift */; };
		D467334225220F45005363EB /* FormTextField.swift in Sources */ = {isa = PBXBuildFile; fileRef = D467334125220F45005363EB /* FormTextField.swift */; };
		D4673373252DCC91005363EB /* MyPageViewController.swift in Sources */ = {isa = PBXBuildFile; fileRef = D4673372252DCC90005363EB /* MyPageViewController.swift */; };
		D4673376252DDFE1005363EB /* RoomCell.swift in Sources */ = {isa = PBXBuildFile; fileRef = D4673375252DDFE1005363EB /* RoomCell.swift */; };
		D4A61421254990DF00E3657C /* RoomEnterViewController.swift in Sources */ = {isa = PBXBuildFile; fileRef = D4A61420254990DF00E3657C /* RoomEnterViewController.swift */; };
		D4BEF55725516F580061041D /* StudentsViewController.swift in Sources */ = {isa = PBXBuildFile; fileRef = D4BEF55625516F580061041D /* StudentsViewController.swift */; };
		D4BEF55B255170C30061041D /* StudentCell.swift in Sources */ = {isa = PBXBuildFile; fileRef = D4BEF55A255170C30061041D /* StudentCell.swift */; };
		D4BEF55E255BE21F0061041D /* InviteCodeViewController.swift in Sources */ = {isa = PBXBuildFile; fileRef = D4BEF55D255BE21F0061041D /* InviteCodeViewController.swift */; };
		D4EB145725763D03001DF5F3 /* LectureCell.swift in Sources */ = {isa = PBXBuildFile; fileRef = D4EB145525763D02001DF5F3 /* LectureCell.swift */; };
		D4EB145825763D03001DF5F3 /* LectureCell.xib in Resources */ = {isa = PBXBuildFile; fileRef = D4EB145625763D02001DF5F3 /* LectureCell.xib */; };
		D4F7A9CD2569974500445B36 /* CheckTableViewController.swift in Sources */ = {isa = PBXBuildFile; fileRef = D4F7A9CC2569974500445B36 /* CheckTableViewController.swift */; };
		D4F7A9CF25699A2E00445B36 /* CheckCell.swift in Sources */ = {isa = PBXBuildFile; fileRef = D4F7A9CE25699A2E00445B36 /* CheckCell.swift */; };
/* End PBXBuildFile section */

/* Begin PBXFileReference section */
		D4296F2925484E6D00FDF4B1 /* RoomEditViewController.swift */ = {isa = PBXFileReference; lastKnownFileType = sourcecode.swift; path = RoomEditViewController.swift; sourceTree = "<group>"; };
		D42D4E63256D1E5300BEDE28 /* LectureViewController.swift */ = {isa = PBXFileReference; lastKnownFileType = sourcecode.swift; path = LectureViewController.swift; sourceTree = "<group>"; };
		D457848C253821D100A5346C /* Room.swift */ = {isa = PBXFileReference; lastKnownFileType = sourcecode.swift; path = Room.swift; sourceTree = "<group>"; };
		D457848E2539912500A5346C /* AttendanceViewController.swift */ = {isa = PBXFileReference; lastKnownFileType = sourcecode.swift; path = AttendanceViewController.swift; sourceTree = "<group>"; };
		D4578490253DCFE300A5346C /* RoomCreateViewController.swift */ = {isa = PBXFileReference; lastKnownFileType = sourcecode.swift; path = RoomCreateViewController.swift; sourceTree = "<group>"; };
		D457849225418FB300A5346C /* AttendanceCell.swift */ = {isa = PBXFileReference; lastKnownFileType = sourcecode.swift; path = AttendanceCell.swift; sourceTree = "<group>"; };
		D4583E7E25769AB7006A5D80 /* MyInformationTableViewController.swift */ = {isa = PBXFileReference; lastKnownFileType = sourcecode.swift; path = MyInformationTableViewController.swift; sourceTree = "<group>"; };
		D4583E802577E7D8006A5D80 /* Auth.storyboard */ = {isa = PBXFileReference; lastKnownFileType = file.storyboard; path = Auth.storyboard; sourceTree = "<group>"; };
		D4583E822577E98E006A5D80 /* PassCreateViewController.swift */ = {isa = PBXFileReference; lastKnownFileType = sourcecode.swift; path = PassCreateViewController.swift; sourceTree = "<group>"; };
		D4583E84257A87B6006A5D80 /* StudentCheckViewController.swift */ = {isa = PBXFileReference; lastKnownFileType = sourcecode.swift; path = StudentCheckViewController.swift; sourceTree = "<group>"; };
		D4583E86257C0C0C006A5D80 /* Check.swift */ = {isa = PBXFileReference; lastKnownFileType = sourcecode.swift; path = Check.swift; sourceTree = "<group>"; };
		D467331A2522064B005363EB /* IK IK.app */ = {isa = PBXFileReference; explicitFileType = wrapper.application; includeInIndex = 0; path = "IK IK.app"; sourceTree = BUILT_PRODUCTS_DIR; };
		D467331D2522064B005363EB /* AppDelegate.swift */ = {isa = PBXFileReference; lastKnownFileType = sourcecode.swift; path = AppDelegate.swift; sourceTree = "<group>"; };
		D467331F2522064B005363EB /* SceneDelegate.swift */ = {isa = PBXFileReference; lastKnownFileType = sourcecode.swift; path = SceneDelegate.swift; sourceTree = "<group>"; };
		D46733242522064B005363EB /* Base */ = {isa = PBXFileReference; lastKnownFileType = file.storyboard; name = Base; path = Base.lproj/Main.storyboard; sourceTree = "<group>"; };
		D467332625220653005363EB /* Assets.xcassets */ = {isa = PBXFileReference; lastKnownFileType = folder.assetcatalog; path = Assets.xcassets; sourceTree = "<group>"; };
		D467332925220653005363EB /* Base */ = {isa = PBXFileReference; lastKnownFileType = file.storyboard; name = Base; path = Base.lproj/LaunchScreen.storyboard; sourceTree = "<group>"; };
		D467332B25220653005363EB /* Info.plist */ = {isa = PBXFileReference; lastKnownFileType = text.plist.xml; path = Info.plist; sourceTree = "<group>"; };
		D46733312522067B005363EB /* User.swift */ = {isa = PBXFileReference; lastKnownFileType = sourcecode.swift; path = User.swift; sourceTree = "<group>"; };
		D46733352522068F005363EB /* NetworkingService.swift */ = {isa = PBXFileReference; lastKnownFileType = sourcecode.swift; path = NetworkingService.swift; sourceTree = "<group>"; };
		D467333725220699005363EB /* AlertService.swift */ = {isa = PBXFileReference; lastKnownFileType = sourcecode.swift; path = AlertService.swift; sourceTree = "<group>"; };
		D4673339252206A0005363EB /* LoginViewController.swift */ = {isa = PBXFileReference; lastKnownFileType = sourcecode.swift; path = LoginViewController.swift; sourceTree = "<group>"; };
		D467333B252206BA005363EB /* SignUpViewController.swift */ = {isa = PBXFileReference; lastKnownFileType = sourcecode.swift; path = SignUpViewController.swift; sourceTree = "<group>"; };
		D467333D252206C5005363EB /* MainViewController.swift */ = {isa = PBXFileReference; lastKnownFileType = sourcecode.swift; path = MainViewController.swift; sourceTree = "<group>"; };
		D467333F2522074F005363EB /* ErrorResponse.swift */ = {isa = PBXFileReference; lastKnownFileType = sourcecode.swift; path = ErrorResponse.swift; sourceTree = "<group>"; };
		D467334125220F45005363EB /* FormTextField.swift */ = {isa = PBXFileReference; lastKnownFileType = sourcecode.swift; path = FormTextField.swift; sourceTree = "<group>"; };
		D4673372252DCC90005363EB /* MyPageViewController.swift */ = {isa = PBXFileReference; lastKnownFileType = sourcecode.swift; path = MyPageViewController.swift; sourceTree = "<group>"; };
		D4673375252DDFE1005363EB /* RoomCell.swift */ = {isa = PBXFileReference; lastKnownFileType = sourcecode.swift; path = RoomCell.swift; sourceTree = "<group>"; };
		D4A61420254990DF00E3657C /* RoomEnterViewController.swift */ = {isa = PBXFileReference; lastKnownFileType = sourcecode.swift; path = RoomEnterViewController.swift; sourceTree = "<group>"; };
		D4BEF55625516F580061041D /* StudentsViewController.swift */ = {isa = PBXFileReference; lastKnownFileType = sourcecode.swift; path = StudentsViewController.swift; sourceTree = "<group>"; };
		D4BEF55A255170C30061041D /* StudentCell.swift */ = {isa = PBXFileReference; lastKnownFileType = sourcecode.swift; path = StudentCell.swift; sourceTree = "<group>"; };
		D4BEF55D255BE21F0061041D /* InviteCodeViewController.swift */ = {isa = PBXFileReference; lastKnownFileType = sourcecode.swift; path = InviteCodeViewController.swift; sourceTree = "<group>"; };
		D4EB145525763D02001DF5F3 /* LectureCell.swift */ = {isa = PBXFileReference; lastKnownFileType = sourcecode.swift; path = LectureCell.swift; sourceTree = "<group>"; };
		D4EB145625763D02001DF5F3 /* LectureCell.xib */ = {isa = PBXFileReference; lastKnownFileType = file.xib; path = LectureCell.xib; sourceTree = "<group>"; };
		D4F7A9CC2569974500445B36 /* CheckTableViewController.swift */ = {isa = PBXFileReference; lastKnownFileType = sourcecode.swift; path = CheckTableViewController.swift; sourceTree = "<group>"; };
		D4F7A9CE25699A2E00445B36 /* CheckCell.swift */ = {isa = PBXFileReference; lastKnownFileType = sourcecode.swift; path = CheckCell.swift; sourceTree = "<group>"; };
/* End PBXFileReference section */

/* Begin PBXFrameworksBuildPhase section */
		D46733172522064B005363EB /* Frameworks */ = {
			isa = PBXFrameworksBuildPhase;
			buildActionMask = 2147483647;
			files = (
			);
			runOnlyForDeploymentPostprocessing = 0;
		};
/* End PBXFrameworksBuildPhase section */

/* Begin PBXGroup section */
		D42D4E66256D2F6800BEDE28 /* Check */ = {
			isa = PBXGroup;
			children = (
				D4EB145525763D02001DF5F3 /* LectureCell.swift */,
				D42D4E63256D1E5300BEDE28 /* LectureViewController.swift */,
				D4583E822577E98E006A5D80 /* PassCreateViewController.swift */,
				D4F7A9CE25699A2E00445B36 /* CheckCell.swift */,
				D4F7A9CC2569974500445B36 /* CheckTableViewController.swift */,
				D4583E84257A87B6006A5D80 /* StudentCheckViewController.swift */,
				D4EB145625763D02001DF5F3 /* LectureCell.xib */,
			);
			path = Check;
			sourceTree = "<group>";
		};
		D4583E7D25769A4D006A5D80 /* MyPage */ = {
			isa = PBXGroup;
			children = (
				D4673372252DCC90005363EB /* MyPageViewController.swift */,
				D4583E7E25769AB7006A5D80 /* MyInformationTableViewController.swift */,
			);
			path = MyPage;
			sourceTree = "<group>";
		};
		D46733112522064B005363EB = {
			isa = PBXGroup;
			children = (
				D467331C2522064B005363EB /* IK IK */,
				D467331B2522064B005363EB /* Products */,
			);
			sourceTree = "<group>";
		};
		D467331B2522064B005363EB /* Products */ = {
			isa = PBXGroup;
			children = (
				D467331A2522064B005363EB /* IK IK.app */,
			);
			name = Products;
			sourceTree = "<group>";
		};
		D467331C2522064B005363EB /* IK IK */ = {
			isa = PBXGroup;
			children = (
				D467331D2522064B005363EB /* AppDelegate.swift */,
				D467331F2522064B005363EB /* SceneDelegate.swift */,
				D46733232522064B005363EB /* Main.storyboard */,
				D4583E802577E7D8006A5D80 /* Auth.storyboard */,
				D4673374252DCCC2005363EB /* Controller */,
				D467334125220F45005363EB /* FormTextField.swift */,
				D467332625220653005363EB /* Assets.xcassets */,
				D467332825220653005363EB /* LaunchScreen.storyboard */,
				D467332B25220653005363EB /* Info.plist */,
				D46733312522067B005363EB /* User.swift */,
				D4583E86257C0C0C006A5D80 /* Check.swift */,
				D457848C253821D100A5346C /* Room.swift */,
				D46733352522068F005363EB /* NetworkingService.swift */,
				D467333F2522074F005363EB /* ErrorResponse.swift */,
				D467333725220699005363EB /* AlertService.swift */,
			);
			path = "IK IK";
			sourceTree = "<group>";
		};
		D4673374252DCCC2005363EB /* Controller */ = {
			isa = PBXGroup;
			children = (
				D4F7A9CA256190AD00445B36 /* Auth */,
				D4F7A9CB256190D200445B36 /* Main */,
				D42D4E66256D2F6800BEDE28 /* Check */,
				D4583E7D25769A4D006A5D80 /* MyPage */,
			);
			path = Controller;
			sourceTree = "<group>";
		};
		D4BEF55C255171DF0061041D /* TableViewCell */ = {
			isa = PBXGroup;
			children = (
				D4673375252DDFE1005363EB /* RoomCell.swift */,
				D4BEF55A255170C30061041D /* StudentCell.swift */,
				D457849225418FB300A5346C /* AttendanceCell.swift */,
			);
			path = TableViewCell;
			sourceTree = "<group>";
		};
		D4F7A9CA256190AD00445B36 /* Auth */ = {
			isa = PBXGroup;
			children = (
				D4673339252206A0005363EB /* LoginViewController.swift */,
				D467333B252206BA005363EB /* SignUpViewController.swift */,
			);
			path = Auth;
			sourceTree = "<group>";
		};
		D4F7A9CB256190D200445B36 /* Main */ = {
			isa = PBXGroup;
			children = (
				D4BEF55C255171DF0061041D /* TableViewCell */,
				D467333D252206C5005363EB /* MainViewController.swift */,
				D4BEF55625516F580061041D /* StudentsViewController.swift */,
				D457848E2539912500A5346C /* AttendanceViewController.swift */,
				D4BEF55D255BE21F0061041D /* InviteCodeViewController.swift */,
				D4578490253DCFE300A5346C /* RoomCreateViewController.swift */,
				D4A61420254990DF00E3657C /* RoomEnterViewController.swift */,
				D4296F2925484E6D00FDF4B1 /* RoomEditViewController.swift */,
			);
			path = Main;
			sourceTree = "<group>";
		};
/* End PBXGroup section */

/* Begin PBXNativeTarget section */
		D46733192522064B005363EB /* IK IK */ = {
			isa = PBXNativeTarget;
			buildConfigurationList = D467332E25220653005363EB /* Build configuration list for PBXNativeTarget "IK IK" */;
			buildPhases = (
				D46733162522064B005363EB /* Sources */,
				D46733172522064B005363EB /* Frameworks */,
				D46733182522064B005363EB /* Resources */,
			);
			buildRules = (
			);
			dependencies = (
			);
			name = "IK IK";
			productName = "IK IK";
			productReference = D467331A2522064B005363EB /* IK IK.app */;
			productType = "com.apple.product-type.application";
		};
/* End PBXNativeTarget section */

/* Begin PBXProject section */
		D46733122522064B005363EB /* Project object */ = {
			isa = PBXProject;
			attributes = {
				LastSwiftUpdateCheck = 1160;
				LastUpgradeCheck = 1160;
				ORGANIZATIONNAME = minjuseo;
				TargetAttributes = {
					D46733192522064B005363EB = {
						CreatedOnToolsVersion = 11.6;
					};
				};
			};
			buildConfigurationList = D46733152522064B005363EB /* Build configuration list for PBXProject "IK IK" */;
			compatibilityVersion = "Xcode 9.3";
			developmentRegion = en;
			hasScannedForEncodings = 0;
			knownRegions = (
				en,
				Base,
			);
			mainGroup = D46733112522064B005363EB;
			productRefGroup = D467331B2522064B005363EB /* Products */;
			projectDirPath = "";
			projectRoot = "";
			targets = (
				D46733192522064B005363EB /* IK IK */,
			);
		};
/* End PBXProject section */

/* Begin PBXResourcesBuildPhase section */
		D46733182522064B005363EB /* Resources */ = {
			isa = PBXResourcesBuildPhase;
			buildActionMask = 2147483647;
			files = (
				D4EB145825763D03001DF5F3 /* LectureCell.xib in Resources */,
				D467332A25220653005363EB /* LaunchScreen.storyboard in Resources */,
				D4583E812577E7D8006A5D80 /* Auth.storyboard in Resources */,
				D467332725220653005363EB /* Assets.xcassets in Resources */,
				D46733252522064B005363EB /* Main.storyboard in Resources */,
			);
			runOnlyForDeploymentPostprocessing = 0;
		};
/* End PBXResourcesBuildPhase section */

/* Begin PBXSourcesBuildPhase section */
		D46733162522064B005363EB /* Sources */ = {
			isa = PBXSourcesBuildPhase;
			buildActionMask = 2147483647;
			files = (
				D4583E87257C0C0C006A5D80 /* Check.swift in Sources */,
				D457849325418FB300A5346C /* AttendanceCell.swift in Sources */,
				D42D4E64256D1E5300BEDE28 /* LectureViewController.swift in Sources */,
				D4583E7F25769AB7006A5D80 /* MyInformationTableViewController.swift in Sources */,
				D4F7A9CF25699A2E00445B36 /* CheckCell.swift in Sources */,
				D46733322522067B005363EB /* User.swift in Sources */,
				D457848D253821D100A5346C /* Room.swift in Sources */,
				D4583E832577E98E006A5D80 /* PassCreateViewController.swift in Sources */,
				D467333825220699005363EB /* AlertService.swift in Sources */,
				D457848F2539912500A5346C /* AttendanceViewController.swift in Sources */,
				D467333A252206A0005363EB /* LoginViewController.swift in Sources */,
				D4296F2A25484E6D00FDF4B1 /* RoomEditViewController.swift in Sources */,
				D46733362522068F005363EB /* NetworkingService.swift in Sources */,
				D467333C252206BA005363EB /* SignUpViewController.swift in Sources */,
				D4F7A9CD2569974500445B36 /* CheckTableViewController.swift in Sources */,
				D4583E85257A87B7006A5D80 /* StudentCheckViewController.swift in Sources */,
				D467334225220F45005363EB /* FormTextField.swift in Sources */,
				D4673376252DDFE1005363EB /* RoomCell.swift in Sources */,
				D4578491253DCFE300A5346C /* RoomCreateViewController.swift in Sources */,
				D4673373252DCC91005363EB /* MyPageViewController.swift in Sources */,
				D467331E2522064B005363EB /* AppDelegate.swift in Sources */,
				D4BEF55725516F580061041D /* StudentsViewController.swift in Sources */,
				D4BEF55B255170C30061041D /* StudentCell.swift in Sources */,
				D4A61421254990DF00E3657C /* RoomEnterViewController.swift in Sources */,
				D4BEF55E255BE21F0061041D /* InviteCodeViewController.swift in Sources */,
				D46733402522074F005363EB /* ErrorResponse.swift in Sources */,
				D46733202522064B005363EB /* SceneDelegate.swift in Sources */,
				D467333E252206C5005363EB /* MainViewController.swift in Sources */,
				D4EB145725763D03001DF5F3 /* LectureCell.swift in Sources */,
			);
			runOnlyForDeploymentPostprocessing = 0;
		};
/* End PBXSourcesBuildPhase section */

/* Begin PBXVariantGroup section */
		D46733232522064B005363EB /* Main.storyboard */ = {
			isa = PBXVariantGroup;
			children = (
				D46733242522064B005363EB /* Base */,
			);
			name = Main.storyboard;
			sourceTree = "<group>";
		};
		D467332825220653005363EB /* LaunchScreen.storyboard */ = {
			isa = PBXVariantGroup;
			children = (
				D467332925220653005363EB /* Base */,
			);
			name = LaunchScreen.storyboard;
			sourceTree = "<group>";
		};
/* End PBXVariantGroup section */

/* Begin XCBuildConfiguration section */
		D467332C25220653005363EB /* Debug */ = {
			isa = XCBuildConfiguration;
			buildSettings = {
				ALWAYS_SEARCH_USER_PATHS = NO;
				CLANG_ANALYZER_NONNULL = YES;
				CLANG_ANALYZER_NUMBER_OBJECT_CONVERSION = YES_AGGRESSIVE;
				CLANG_CXX_LANGUAGE_STANDARD = "gnu++14";
				CLANG_CXX_LIBRARY = "libc++";
				CLANG_ENABLE_MODULES = YES;
				CLANG_ENABLE_OBJC_ARC = YES;
				CLANG_ENABLE_OBJC_WEAK = YES;
				CLANG_WARN_BLOCK_CAPTURE_AUTORELEASING = YES;
				CLANG_WARN_BOOL_CONVERSION = YES;
				CLANG_WARN_COMMA = YES;
				CLANG_WARN_CONSTANT_CONVERSION = YES;
				CLANG_WARN_DEPRECATED_OBJC_IMPLEMENTATIONS = YES;
				CLANG_WARN_DIRECT_OBJC_ISA_USAGE = YES_ERROR;
				CLANG_WARN_DOCUMENTATION_COMMENTS = YES;
				CLANG_WARN_EMPTY_BODY = YES;
				CLANG_WARN_ENUM_CONVERSION = YES;
				CLANG_WARN_INFINITE_RECURSION = YES;
				CLANG_WARN_INT_CONVERSION = YES;
				CLANG_WARN_NON_LITERAL_NULL_CONVERSION = YES;
				CLANG_WARN_OBJC_IMPLICIT_RETAIN_SELF = YES;
				CLANG_WARN_OBJC_LITERAL_CONVERSION = YES;
				CLANG_WARN_OBJC_ROOT_CLASS = YES_ERROR;
				CLANG_WARN_RANGE_LOOP_ANALYSIS = YES;
				CLANG_WARN_STRICT_PROTOTYPES = YES;
				CLANG_WARN_SUSPICIOUS_MOVE = YES;
				CLANG_WARN_UNGUARDED_AVAILABILITY = YES_AGGRESSIVE;
				CLANG_WARN_UNREACHABLE_CODE = YES;
				CLANG_WARN__DUPLICATE_METHOD_MATCH = YES;
				COPY_PHASE_STRIP = NO;
				DEBUG_INFORMATION_FORMAT = dwarf;
				ENABLE_STRICT_OBJC_MSGSEND = YES;
				ENABLE_TESTABILITY = YES;
				GCC_C_LANGUAGE_STANDARD = gnu11;
				GCC_DYNAMIC_NO_PIC = NO;
				GCC_NO_COMMON_BLOCKS = YES;
				GCC_OPTIMIZATION_LEVEL = 0;
				GCC_PREPROCESSOR_DEFINITIONS = (
					"DEBUG=1",
					"$(inherited)",
				);
				GCC_WARN_64_TO_32_BIT_CONVERSION = YES;
				GCC_WARN_ABOUT_RETURN_TYPE = YES_ERROR;
				GCC_WARN_UNDECLARED_SELECTOR = YES;
				GCC_WARN_UNINITIALIZED_AUTOS = YES_AGGRESSIVE;
				GCC_WARN_UNUSED_FUNCTION = YES;
				GCC_WARN_UNUSED_VARIABLE = YES;
				IPHONEOS_DEPLOYMENT_TARGET = 13.6;
				MTL_ENABLE_DEBUG_INFO = INCLUDE_SOURCE;
				MTL_FAST_MATH = YES;
				ONLY_ACTIVE_ARCH = YES;
				SDKROOT = iphoneos;
				SWIFT_ACTIVE_COMPILATION_CONDITIONS = DEBUG;
				SWIFT_OPTIMIZATION_LEVEL = "-Onone";
			};
			name = Debug;
		};
		D467332D25220653005363EB /* Release */ = {
			isa = XCBuildConfiguration;
			buildSettings = {
				ALWAYS_SEARCH_USER_PATHS = NO;
				CLANG_ANALYZER_NONNULL = YES;
				CLANG_ANALYZER_NUMBER_OBJECT_CONVERSION = YES_AGGRESSIVE;
				CLANG_CXX_LANGUAGE_STANDARD = "gnu++14";
				CLANG_CXX_LIBRARY = "libc++";
				CLANG_ENABLE_MODULES = YES;
				CLANG_ENABLE_OBJC_ARC = YES;
				CLANG_ENABLE_OBJC_WEAK = YES;
				CLANG_WARN_BLOCK_CAPTURE_AUTORELEASING = YES;
				CLANG_WARN_BOOL_CONVERSION = YES;
				CLANG_WARN_COMMA = YES;
				CLANG_WARN_CONSTANT_CONVERSION = YES;
				CLANG_WARN_DEPRECATED_OBJC_IMPLEMENTATIONS = YES;
				CLANG_WARN_DIRECT_OBJC_ISA_USAGE = YES_ERROR;
				CLANG_WARN_DOCUMENTATION_COMMENTS = YES;
				CLANG_WARN_EMPTY_BODY = YES;
				CLANG_WARN_ENUM_CONVERSION = YES;
				CLANG_WARN_INFINITE_RECURSION = YES;
				CLANG_WARN_INT_CONVERSION = YES;
				CLANG_WARN_NON_LITERAL_NULL_CONVERSION = YES;
				CLANG_WARN_OBJC_IMPLICIT_RETAIN_SELF = YES;
				CLANG_WARN_OBJC_LITERAL_CONVERSION = YES;
				CLANG_WARN_OBJC_ROOT_CLASS = YES_ERROR;
				CLANG_WARN_RANGE_LOOP_ANALYSIS = YES;
				CLANG_WARN_STRICT_PROTOTYPES = YES;
				CLANG_WARN_SUSPICIOUS_MOVE = YES;
				CLANG_WARN_UNGUARDED_AVAILABILITY = YES_AGGRESSIVE;
				CLANG_WARN_UNREACHABLE_CODE = YES;
				CLANG_WARN__DUPLICATE_METHOD_MATCH = YES;
				COPY_PHASE_STRIP = NO;
				DEBUG_INFORMATION_FORMAT = "dwarf-with-dsym";
				ENABLE_NS_ASSERTIONS = NO;
				ENABLE_STRICT_OBJC_MSGSEND = YES;
				GCC_C_LANGUAGE_STANDARD = gnu11;
				GCC_NO_COMMON_BLOCKS = YES;
				GCC_WARN_64_TO_32_BIT_CONVERSION = YES;
				GCC_WARN_ABOUT_RETURN_TYPE = YES_ERROR;
				GCC_WARN_UNDECLARED_SELECTOR = YES;
				GCC_WARN_UNINITIALIZED_AUTOS = YES_AGGRESSIVE;
				GCC_WARN_UNUSED_FUNCTION = YES;
				GCC_WARN_UNUSED_VARIABLE = YES;
				IPHONEOS_DEPLOYMENT_TARGET = 13.6;
				MTL_ENABLE_DEBUG_INFO = NO;
				MTL_FAST_MATH = YES;
				SDKROOT = iphoneos;
				SWIFT_COMPILATION_MODE = wholemodule;
				SWIFT_OPTIMIZATION_LEVEL = "-O";
				VALIDATE_PRODUCT = YES;
			};
			name = Release;
		};
		D467332F25220653005363EB /* Debug */ = {
			isa = XCBuildConfiguration;
			buildSettings = {
				ASSETCATALOG_COMPILER_APPICON_NAME = AppIcon;
				CODE_SIGN_STYLE = Automatic;
				DEVELOPMENT_TEAM = 7Y63N3BKVL;
				INFOPLIST_FILE = "IK IK/Info.plist";
				LD_RUNPATH_SEARCH_PATHS = (
					"$(inherited)",
					"@executable_path/Frameworks",
				);
				PRODUCT_BUNDLE_IDENTIFIER = "com.mnju.IK-IK";
				PRODUCT_NAME = "$(TARGET_NAME)";
				SWIFT_VERSION = 5.0;
				TARGETED_DEVICE_FAMILY = "1,2";
			};
			name = Debug;
		};
		D467333025220653005363EB /* Release */ = {
			isa = XCBuildConfiguration;
			buildSettings = {
				ASSETCATALOG_COMPILER_APPICON_NAME = AppIcon;
				CODE_SIGN_STYLE = Automatic;
				DEVELOPMENT_TEAM = 7Y63N3BKVL;
				INFOPLIST_FILE = "IK IK/Info.plist";
				LD_RUNPATH_SEARCH_PATHS = (
					"$(inherited)",
					"@executable_path/Frameworks",
				);
				PRODUCT_BUNDLE_IDENTIFIER = "com.mnju.IK-IK";
				PRODUCT_NAME = "$(TARGET_NAME)";
				SWIFT_VERSION = 5.0;
				TARGETED_DEVICE_FAMILY = "1,2";
			};
			name = Release;
		};
/* End XCBuildConfiguration section */

/* Begin XCConfigurationList section */
		D46733152522064B005363EB /* Build configuration list for PBXProject "IK IK" */ = {
			isa = XCConfigurationList;
			buildConfigurations = (
				D467332C25220653005363EB /* Debug */,
				D467332D25220653005363EB /* Release */,
			);
			defaultConfigurationIsVisible = 0;
			defaultConfigurationName = Release;
		};
		D467332E25220653005363EB /* Build configuration list for PBXNativeTarget "IK IK" */ = {
			isa = XCConfigurationList;
			buildConfigurations = (
				D467332F25220653005363EB /* Debug */,
				D467333025220653005363EB /* Release */,
			);
			defaultConfigurationIsVisible = 0;
			defaultConfigurationName = Release;
		};
/* End XCConfigurationList section */
	};
	rootObject = D46733122522064B005363EB /* Project object */;
}
