// !$*UTF8*$!
{
	archiveVersion = 1;
	classes = {
	};
	objectVersion = 50;
	objects = {

/* Begin PBXBuildFile section */
		D41A33CD2517A3C500443511 /* AppDelegate.swift in Sources */ = {isa = PBXBuildFile; fileRef = D41A33CC2517A3C500443511 /* AppDelegate.swift */; };
		D41A33CF2517A3C500443511 /* SceneDelegate.swift in Sources */ = {isa = PBXBuildFile; fileRef = D41A33CE2517A3C500443511 /* SceneDelegate.swift */; };
		D41A33D12517A3C500443511 /* ContentView.swift in Sources */ = {isa = PBXBuildFile; fileRef = D41A33D02517A3C500443511 /* ContentView.swift */; };
		D41A33D32517A3C700443511 /* Assets.xcassets in Resources */ = {isa = PBXBuildFile; fileRef = D41A33D22517A3C700443511 /* Assets.xcassets */; };
		D41A33D62517A3C700443511 /* Preview Assets.xcassets in Resources */ = {isa = PBXBuildFile; fileRef = D41A33D52517A3C700443511 /* Preview Assets.xcassets */; };
		D41A33D92517A3C700443511 /* LaunchScreen.storyboard in Resources */ = {isa = PBXBuildFile; fileRef = D41A33D72517A3C700443511 /* LaunchScreen.storyboard */; };
		D41A33E32518FF4100443511 /* Main.storyboard in Resources */ = {isa = PBXBuildFile; fileRef = D41A33E22518FF4100443511 /* Main.storyboard */; };
		D41A33E5251903DD00443511 /* DesignableView.swift in Sources */ = {isa = PBXBuildFile; fileRef = D41A33E4251903DD00443511 /* DesignableView.swift */; };
		D4D729FD2520C03800D75350 /* User.swift in Sources */ = {isa = PBXBuildFile; fileRef = D4D729FC2520C03800D75350 /* User.swift */; };
		D4D729FF2520C09A00D75350 /* NetworkingService.swift in Sources */ = {isa = PBXBuildFile; fileRef = D4D729FE2520C09A00D75350 /* NetworkingService.swift */; };
		D4D72A012520CE5100D75350 /* ErrorResponse.swift in Sources */ = {isa = PBXBuildFile; fileRef = D4D72A002520CE5100D75350 /* ErrorResponse.swift */; };
		D4D72A032520D52400D75350 /* AlertService.swift in Sources */ = {isa = PBXBuildFile; fileRef = D4D72A022520D52400D75350 /* AlertService.swift */; };
		D4D72A052520D5B700D75350 /* MainViewController.swift in Sources */ = {isa = PBXBuildFile; fileRef = D4D72A042520D5B700D75350 /* MainViewController.swift */; };
		D4D72A072520DAE900D75350 /* Login.swift in Sources */ = {isa = PBXBuildFile; fileRef = D4D72A062520DAE900D75350 /* Login.swift */; };
		D4DD97AF251F7D3C0071E7F5 /* SignUpViewController.swift in Sources */ = {isa = PBXBuildFile; fileRef = D4DD97AE251F7D3C0071E7F5 /* SignUpViewController.swift */; };
		D4DD97B12520BC320071E7F5 /* LoginViewController.swift in Sources */ = {isa = PBXBuildFile; fileRef = D4DD97B02520BC320071E7F5 /* LoginViewController.swift */; };
/* End PBXBuildFile section */

/* Begin PBXFileReference section */
		D41A33C92517A3C500443511 /* IKIK.app */ = {isa = PBXFileReference; explicitFileType = wrapper.application; includeInIndex = 0; path = IKIK.app; sourceTree = BUILT_PRODUCTS_DIR; };
		D41A33CC2517A3C500443511 /* AppDelegate.swift */ = {isa = PBXFileReference; lastKnownFileType = sourcecode.swift; path = AppDelegate.swift; sourceTree = "<group>"; };
		D41A33CE2517A3C500443511 /* SceneDelegate.swift */ = {isa = PBXFileReference; lastKnownFileType = sourcecode.swift; path = SceneDelegate.swift; sourceTree = "<group>"; };
		D41A33D02517A3C500443511 /* ContentView.swift */ = {isa = PBXFileReference; lastKnownFileType = sourcecode.swift; path = ContentView.swift; sourceTree = "<group>"; };
		D41A33D22517A3C700443511 /* Assets.xcassets */ = {isa = PBXFileReference; lastKnownFileType = folder.assetcatalog; path = Assets.xcassets; sourceTree = "<group>"; };
		D41A33D52517A3C700443511 /* Preview Assets.xcassets */ = {isa = PBXFileReference; lastKnownFileType = folder.assetcatalog; path = "Preview Assets.xcassets"; sourceTree = "<group>"; };
		D41A33D82517A3C700443511 /* Base */ = {isa = PBXFileReference; lastKnownFileType = file.storyboard; name = Base; path = Base.lproj/LaunchScreen.storyboard; sourceTree = "<group>"; };
		D41A33DA2517A3C700443511 /* Info.plist */ = {isa = PBXFileReference; lastKnownFileType = text.plist.xml; path = Info.plist; sourceTree = "<group>"; };
		D41A33E22518FF4100443511 /* Main.storyboard */ = {isa = PBXFileReference; lastKnownFileType = file.storyboard; path = Main.storyboard; sourceTree = "<group>"; };
		D41A33E4251903DD00443511 /* DesignableView.swift */ = {isa = PBXFileReference; lastKnownFileType = sourcecode.swift; path = DesignableView.swift; sourceTree = "<group>"; };
		D4D729FC2520C03800D75350 /* User.swift */ = {isa = PBXFileReference; lastKnownFileType = sourcecode.swift; path = User.swift; sourceTree = "<group>"; };
		D4D729FE2520C09A00D75350 /* NetworkingService.swift */ = {isa = PBXFileReference; lastKnownFileType = sourcecode.swift; path = NetworkingService.swift; sourceTree = "<group>"; };
		D4D72A002520CE5100D75350 /* ErrorResponse.swift */ = {isa = PBXFileReference; lastKnownFileType = sourcecode.swift; path = ErrorResponse.swift; sourceTree = "<group>"; };
		D4D72A022520D52400D75350 /* AlertService.swift */ = {isa = PBXFileReference; lastKnownFileType = sourcecode.swift; path = AlertService.swift; sourceTree = "<group>"; };
		D4D72A042520D5B700D75350 /* MainViewController.swift */ = {isa = PBXFileReference; lastKnownFileType = sourcecode.swift; path = MainViewController.swift; sourceTree = "<group>"; };
		D4D72A062520DAE900D75350 /* Login.swift */ = {isa = PBXFileReference; lastKnownFileType = sourcecode.swift; path = Login.swift; sourceTree = "<group>"; };
		D4DD97AE251F7D3C0071E7F5 /* SignUpViewController.swift */ = {isa = PBXFileReference; lastKnownFileType = sourcecode.swift; path = SignUpViewController.swift; sourceTree = "<group>"; };
		D4DD97B02520BC320071E7F5 /* LoginViewController.swift */ = {isa = PBXFileReference; lastKnownFileType = sourcecode.swift; path = LoginViewController.swift; sourceTree = "<group>"; };
/* End PBXFileReference section */

/* Begin PBXFrameworksBuildPhase section */
		D41A33C62517A3C500443511 /* Frameworks */ = {
			isa = PBXFrameworksBuildPhase;
			buildActionMask = 2147483647;
			files = (
			);
			runOnlyForDeploymentPostprocessing = 0;
		};
/* End PBXFrameworksBuildPhase section */

/* Begin PBXGroup section */
		D41A33C02517A3C500443511 = {
			isa = PBXGroup;
			children = (
				D41A33CB2517A3C500443511 /* IKIK */,
				D41A33CA2517A3C500443511 /* Products */,
			);
			sourceTree = "<group>";
		};
		D41A33CA2517A3C500443511 /* Products */ = {
			isa = PBXGroup;
			children = (
				D41A33C92517A3C500443511 /* IKIK.app */,
			);
			name = Products;
			sourceTree = "<group>";
		};
		D41A33CB2517A3C500443511 /* IKIK */ = {
			isa = PBXGroup;
			children = (
				D41A33CC2517A3C500443511 /* AppDelegate.swift */,
				D41A33CE2517A3C500443511 /* SceneDelegate.swift */,
				D41A33D02517A3C500443511 /* ContentView.swift */,
				D41A33D22517A3C700443511 /* Assets.xcassets */,
				D41A33D72517A3C700443511 /* LaunchScreen.storyboard */,
				D41A33DA2517A3C700443511 /* Info.plist */,
				D41A33D42517A3C700443511 /* Preview Content */,
				D41A33E22518FF4100443511 /* Main.storyboard */,
				D4DD97AE251F7D3C0071E7F5 /* SignUpViewController.swift */,
				D41A33E4251903DD00443511 /* DesignableView.swift */,
				D4DD97B02520BC320071E7F5 /* LoginViewController.swift */,
				D4D729FC2520C03800D75350 /* User.swift */,
				D4D729FE2520C09A00D75350 /* NetworkingService.swift */,
				D4D72A002520CE5100D75350 /* ErrorResponse.swift */,
				D4D72A022520D52400D75350 /* AlertService.swift */,
				D4D72A042520D5B700D75350 /* MainViewController.swift */,
				D4D72A062520DAE900D75350 /* Login.swift */,
			);
			path = IKIK;
			sourceTree = "<group>";
		};
		D41A33D42517A3C700443511 /* Preview Content */ = {
			isa = PBXGroup;
			children = (
				D41A33D52517A3C700443511 /* Preview Assets.xcassets */,
			);
			path = "Preview Content";
			sourceTree = "<group>";
		};
/* End PBXGroup section */

/* Begin PBXNativeTarget section */
		D41A33C82517A3C500443511 /* IKIK */ = {
			isa = PBXNativeTarget;
			buildConfigurationList = D41A33DD2517A3C700443511 /* Build configuration list for PBXNativeTarget "IKIK" */;
			buildPhases = (
				D41A33C52517A3C500443511 /* Sources */,
				D41A33C62517A3C500443511 /* Frameworks */,
				D41A33C72517A3C500443511 /* Resources */,
			);
			buildRules = (
			);
			dependencies = (
			);
			name = IKIK;
			productName = IKIK;
			productReference = D41A33C92517A3C500443511 /* IKIK.app */;
			productType = "com.apple.product-type.application";
		};
/* End PBXNativeTarget section */

/* Begin PBXProject section */
		D41A33C12517A3C500443511 /* Project object */ = {
			isa = PBXProject;
			attributes = {
				LastSwiftUpdateCheck = 1160;
				LastUpgradeCheck = 1160;
				ORGANIZATIONNAME = minjuseo;
				TargetAttributes = {
					D41A33C82517A3C500443511 = {
						CreatedOnToolsVersion = 11.6;
					};
				};
			};
			buildConfigurationList = D41A33C42517A3C500443511 /* Build configuration list for PBXProject "IKIK" */;
			compatibilityVersion = "Xcode 9.3";
			developmentRegion = en;
			hasScannedForEncodings = 0;
			knownRegions = (
				en,
				Base,
			);
			mainGroup = D41A33C02517A3C500443511;
			productRefGroup = D41A33CA2517A3C500443511 /* Products */;
			projectDirPath = "";
			projectRoot = "";
			targets = (
				D41A33C82517A3C500443511 /* IKIK */,
			);
		};
/* End PBXProject section */

/* Begin PBXResourcesBuildPhase section */
		D41A33C72517A3C500443511 /* Resources */ = {
			isa = PBXResourcesBuildPhase;
			buildActionMask = 2147483647;
			files = (
				D41A33D92517A3C700443511 /* LaunchScreen.storyboard in Resources */,
				D41A33D62517A3C700443511 /* Preview Assets.xcassets in Resources */,
				D41A33D32517A3C700443511 /* Assets.xcassets in Resources */,
				D41A33E32518FF4100443511 /* Main.storyboard in Resources */,
			);
			runOnlyForDeploymentPostprocessing = 0;
		};
/* End PBXResourcesBuildPhase section */

/* Begin PBXSourcesBuildPhase section */
		D41A33C52517A3C500443511 /* Sources */ = {
			isa = PBXSourcesBuildPhase;
			buildActionMask = 2147483647;
			files = (
				D4DD97B12520BC320071E7F5 /* LoginViewController.swift in Sources */,
				D4D72A052520D5B700D75350 /* MainViewController.swift in Sources */,
				D4DD97AF251F7D3C0071E7F5 /* SignUpViewController.swift in Sources */,
				D4D72A072520DAE900D75350 /* Login.swift in Sources */,
				D4D729FF2520C09A00D75350 /* NetworkingService.swift in Sources */,
				D41A33E5251903DD00443511 /* DesignableView.swift in Sources */,
				D4D72A032520D52400D75350 /* AlertService.swift in Sources */,
				D41A33CD2517A3C500443511 /* AppDelegate.swift in Sources */,
				D41A33CF2517A3C500443511 /* SceneDelegate.swift in Sources */,
				D4D72A012520CE5100D75350 /* ErrorResponse.swift in Sources */,
				D41A33D12517A3C500443511 /* ContentView.swift in Sources */,
				D4D729FD2520C03800D75350 /* User.swift in Sources */,
			);
			runOnlyForDeploymentPostprocessing = 0;
		};
/* End PBXSourcesBuildPhase section */

/* Begin PBXVariantGroup section */
		D41A33D72517A3C700443511 /* LaunchScreen.storyboard */ = {
			isa = PBXVariantGroup;
			children = (
				D41A33D82517A3C700443511 /* Base */,
			);
			name = LaunchScreen.storyboard;
			sourceTree = "<group>";
		};
/* End PBXVariantGroup section */

/* Begin XCBuildConfiguration section */
		D41A33DB2517A3C700443511 /* Debug */ = {
			isa = XCBuildConfiguration;
			buildSettings = {
				ALWAYS_SEARCH_USER_PATHS = NO;
				CLANG_ANALYZER_NONNULL = YES;
				CLANG_ANALYZER_NUMBER_OBJECT_CONVERSION = YES_AGGRESSIVE;
				CLANG_CXX_LANGUAGE_STANDARD = "gnu++14";
				CLANG_CXX_LIBRARY = "libc++";
				CLANG_ENABLE_MODULES = YES;
				CLANG_ENABLE_OBJC_ARC = YES;
				CLANG_ENABLE_OBJC_WEAK = YES;
				CLANG_WARN_BLOCK_CAPTURE_AUTORELEASING = YES;
				CLANG_WARN_BOOL_CONVERSION = YES;
				CLANG_WARN_COMMA = YES;
				CLANG_WARN_CONSTANT_CONVERSION = YES;
				CLANG_WARN_DEPRECATED_OBJC_IMPLEMENTATIONS = YES;
				CLANG_WARN_DIRECT_OBJC_ISA_USAGE = YES_ERROR;
				CLANG_WARN_DOCUMENTATION_COMMENTS = YES;
				CLANG_WARN_EMPTY_BODY = YES;
				CLANG_WARN_ENUM_CONVERSION = YES;
				CLANG_WARN_INFINITE_RECURSION = YES;
				CLANG_WARN_INT_CONVERSION = YES;
				CLANG_WARN_NON_LITERAL_NULL_CONVERSION = YES;
				CLANG_WARN_OBJC_IMPLICIT_RETAIN_SELF = YES;
				CLANG_WARN_OBJC_LITERAL_CONVERSION = YES;
				CLANG_WARN_OBJC_ROOT_CLASS = YES_ERROR;
				CLANG_WARN_RANGE_LOOP_ANALYSIS = YES;
				CLANG_WARN_STRICT_PROTOTYPES = YES;
				CLANG_WARN_SUSPICIOUS_MOVE = YES;
				CLANG_WARN_UNGUARDED_AVAILABILITY = YES_AGGRESSIVE;
				CLANG_WARN_UNREACHABLE_CODE = YES;
				CLANG_WARN__DUPLICATE_METHOD_MATCH = YES;
				COPY_PHASE_STRIP = NO;
				DEBUG_INFORMATION_FORMAT = dwarf;
				ENABLE_STRICT_OBJC_MSGSEND = YES;
				ENABLE_TESTABILITY = YES;
				GCC_C_LANGUAGE_STANDARD = gnu11;
				GCC_DYNAMIC_NO_PIC = NO;
				GCC_NO_COMMON_BLOCKS = YES;
				GCC_OPTIMIZATION_LEVEL = 0;
				GCC_PREPROCESSOR_DEFINITIONS = (
					"DEBUG=1",
					"$(inherited)",
				);
				GCC_WARN_64_TO_32_BIT_CONVERSION = YES;
				GCC_WARN_ABOUT_RETURN_TYPE = YES_ERROR;
				GCC_WARN_UNDECLARED_SELECTOR = YES;
				GCC_WARN_UNINITIALIZED_AUTOS = YES_AGGRESSIVE;
				GCC_WARN_UNUSED_FUNCTION = YES;
				GCC_WARN_UNUSED_VARIABLE = YES;
				IPHONEOS_DEPLOYMENT_TARGET = 13.0;
				MTL_ENABLE_DEBUG_INFO = INCLUDE_SOURCE;
				MTL_FAST_MATH = YES;
				ONLY_ACTIVE_ARCH = YES;
				SDKROOT = iphoneos;
				SWIFT_ACTIVE_COMPILATION_CONDITIONS = DEBUG;
				SWIFT_OPTIMIZATION_LEVEL = "-Onone";
			};
			name = Debug;
		};
		D41A33DC2517A3C700443511 /* Release */ = {
			isa = XCBuildConfiguration;
			buildSettings = {
				ALWAYS_SEARCH_USER_PATHS = NO;
				CLANG_ANALYZER_NONNULL = YES;
				CLANG_ANALYZER_NUMBER_OBJECT_CONVERSION = YES_AGGRESSIVE;
				CLANG_CXX_LANGUAGE_STANDARD = "gnu++14";
				CLANG_CXX_LIBRARY = "libc++";
				CLANG_ENABLE_MODULES = YES;
				CLANG_ENABLE_OBJC_ARC = YES;
				CLANG_ENABLE_OBJC_WEAK = YES;
				CLANG_WARN_BLOCK_CAPTURE_AUTORELEASING = YES;
				CLANG_WARN_BOOL_CONVERSION = YES;
				CLANG_WARN_COMMA = YES;
				CLANG_WARN_CONSTANT_CONVERSION = YES;
				CLANG_WARN_DEPRECATED_OBJC_IMPLEMENTATIONS = YES;
				CLANG_WARN_DIRECT_OBJC_ISA_USAGE = YES_ERROR;
				CLANG_WARN_DOCUMENTATION_COMMENTS = YES;
				CLANG_WARN_EMPTY_BODY = YES;
				CLANG_WARN_ENUM_CONVERSION = YES;
				CLANG_WARN_INFINITE_RECURSION = YES;
				CLANG_WARN_INT_CONVERSION = YES;
				CLANG_WARN_NON_LITERAL_NULL_CONVERSION = YES;
				CLANG_WARN_OBJC_IMPLICIT_RETAIN_SELF = YES;
				CLANG_WARN_OBJC_LITERAL_CONVERSION = YES;
				CLANG_WARN_OBJC_ROOT_CLASS = YES_ERROR;
				CLANG_WARN_RANGE_LOOP_ANALYSIS = YES;
				CLANG_WARN_STRICT_PROTOTYPES = YES;
				CLANG_WARN_SUSPICIOUS_MOVE = YES;
				CLANG_WARN_UNGUARDED_AVAILABILITY = YES_AGGRESSIVE;
				CLANG_WARN_UNREACHABLE_CODE = YES;
				CLANG_WARN__DUPLICATE_METHOD_MATCH = YES;
				COPY_PHASE_STRIP = NO;
				DEBUG_INFORMATION_FORMAT = "dwarf-with-dsym";
				ENABLE_NS_ASSERTIONS = NO;
				ENABLE_STRICT_OBJC_MSGSEND = YES;
				GCC_C_LANGUAGE_STANDARD = gnu11;
				GCC_NO_COMMON_BLOCKS = YES;
				GCC_WARN_64_TO_32_BIT_CONVERSION = YES;
				GCC_WARN_ABOUT_RETURN_TYPE = YES_ERROR;
				GCC_WARN_UNDECLARED_SELECTOR = YES;
				GCC_WARN_UNINITIALIZED_AUTOS = YES_AGGRESSIVE;
				GCC_WARN_UNUSED_FUNCTION = YES;
				GCC_WARN_UNUSED_VARIABLE = YES;
				IPHONEOS_DEPLOYMENT_TARGET = 13.0;
				MTL_ENABLE_DEBUG_INFO = NO;
				MTL_FAST_MATH = YES;
				SDKROOT = iphoneos;
				SWIFT_COMPILATION_MODE = wholemodule;
				SWIFT_OPTIMIZATION_LEVEL = "-O";
				VALIDATE_PRODUCT = YES;
			};
			name = Release;
		};
		D41A33DE2517A3C700443511 /* Debug */ = {
			isa = XCBuildConfiguration;
			buildSettings = {
				ASSETCATALOG_COMPILER_APPICON_NAME = AppIcon;
				CODE_SIGN_STYLE = Automatic;
				DEVELOPMENT_ASSET_PATHS = "\"IKIK/Preview Content\"";
				DEVELOPMENT_TEAM = 7Y63N3BKVL;
				ENABLE_PREVIEWS = YES;
				INFOPLIST_FILE = IKIK/Info.plist;
				LD_RUNPATH_SEARCH_PATHS = (
					"$(inherited)",
					"@executable_path/Frameworks",
				);
				PRODUCT_BUNDLE_IDENTIFIER = com.mnju.IKIK;
				PRODUCT_NAME = "$(TARGET_NAME)";
				SWIFT_VERSION = 5.0;
				TARGETED_DEVICE_FAMILY = 1;
			};
			name = Debug;
		};
		D41A33DF2517A3C700443511 /* Release */ = {
			isa = XCBuildConfiguration;
			buildSettings = {
				ASSETCATALOG_COMPILER_APPICON_NAME = AppIcon;
				CODE_SIGN_STYLE = Automatic;
				DEVELOPMENT_ASSET_PATHS = "\"IKIK/Preview Content\"";
				DEVELOPMENT_TEAM = 7Y63N3BKVL;
				ENABLE_PREVIEWS = YES;
				INFOPLIST_FILE = IKIK/Info.plist;
				LD_RUNPATH_SEARCH_PATHS = (
					"$(inherited)",
					"@executable_path/Frameworks",
				);
				PRODUCT_BUNDLE_IDENTIFIER = com.mnju.IKIK;
				PRODUCT_NAME = "$(TARGET_NAME)";
				SWIFT_VERSION = 5.0;
				TARGETED_DEVICE_FAMILY = 1;
			};
			name = Release;
		};
/* End XCBuildConfiguration section */

/* Begin XCConfigurationList section */
		D41A33C42517A3C500443511 /* Build configuration list for PBXProject "IKIK" */ = {
			isa = XCConfigurationList;
			buildConfigurations = (
				D41A33DB2517A3C700443511 /* Debug */,
				D41A33DC2517A3C700443511 /* Release */,
			);
			defaultConfigurationIsVisible = 0;
			defaultConfigurationName = Release;
		};
		D41A33DD2517A3C700443511 /* Build configuration list for PBXNativeTarget "IKIK" */ = {
			isa = XCConfigurationList;
			buildConfigurations = (
				D41A33DE2517A3C700443511 /* Debug */,
				D41A33DF2517A3C700443511 /* Release */,
			);
			defaultConfigurationIsVisible = 0;
			defaultConfigurationName = Release;
		};
/* End XCConfigurationList section */
	};
	rootObject = D41A33C12517A3C500443511 /* Project object */;
}
